// !$*UTF8*$!
{
	archiveVersion = 1;
	classes = {
	};
	objectVersion = 46;
	objects = {

/* Begin PBXBuildFile section */
		23F319211A98B1CF00B62401 /* main.m in Sources */ = {isa = PBXBuildFile; fileRef = 23F319201A98B1CF00B62401 /* main.m */; };
		23F319241A98B1CF00B62401 /* AppDelegate.m in Sources */ = {isa = PBXBuildFile; fileRef = 23F319231A98B1CF00B62401 /* AppDelegate.m */; };
		23F319271A98B1CF00B62401 /* PhillyBikeShare.xcdatamodeld in Sources */ = {isa = PBXBuildFile; fileRef = 23F319251A98B1CF00B62401 /* PhillyBikeShare.xcdatamodeld */; };
		23F319301A98B1CF00B62401 /* Main.storyboard in Resources */ = {isa = PBXBuildFile; fileRef = 23F3192E1A98B1CF00B62401 /* Main.storyboard */; };
		23F319321A98B1CF00B62401 /* Images.xcassets in Resources */ = {isa = PBXBuildFile; fileRef = 23F319311A98B1CF00B62401 /* Images.xcassets */; };
		23F319351A98B1CF00B62401 /* LaunchScreen.xib in Resources */ = {isa = PBXBuildFile; fileRef = 23F319331A98B1CF00B62401 /* LaunchScreen.xib */; };
		23F319411A98B1CF00B62401 /* PhillyBikeShareTests.m in Sources */ = {isa = PBXBuildFile; fileRef = 23F319401A98B1CF00B62401 /* PhillyBikeShareTests.m */; };
		23F3194C1A98B30600B62401 /* LoginViewController.m in Sources */ = {isa = PBXBuildFile; fileRef = 23F3194B1A98B30600B62401 /* LoginViewController.m */; };
		23F3194F1A98B55800B62401 /* MapViewController.m in Sources */ = {isa = PBXBuildFile; fileRef = 23F3194E1A98B55800B62401 /* MapViewController.m */; };
		23F319521A98D9F900B62401 /* MathController.m in Sources */ = {isa = PBXBuildFile; fileRef = 23F319511A98D9F900B62401 /* MathController.m */; };
		23F319571A98FB5600B62401 /* MapMarkerView.m in Sources */ = {isa = PBXBuildFile; fileRef = 23F319561A98FB5600B62401 /* MapMarkerView.m */; };
		23F319701A991C0F00B62401 /* Icon Bikes.png in Resources */ = {isa = PBXBuildFile; fileRef = 23F319681A991C0F00B62401 /* Icon Bikes.png */; };
		23F319711A991C0F00B62401 /* Icon Bikes@2x.png in Resources */ = {isa = PBXBuildFile; fileRef = 23F319691A991C0F00B62401 /* Icon Bikes@2x.png */; };
		23F319721A991C0F00B62401 /* Icon Rack@2x.png in Resources */ = {isa = PBXBuildFile; fileRef = 23F3196A1A991C0F00B62401 /* Icon Rack@2x.png */; };
		23F319731A991C0F00B62401 /* Icon Rack.png in Resources */ = {isa = PBXBuildFile; fileRef = 23F3196B1A991C0F00B62401 /* Icon Rack.png */; };
		23F319741A991C0F00B62401 /* Icon Stations@2x.png in Resources */ = {isa = PBXBuildFile; fileRef = 23F3196C1A991C0F00B62401 /* Icon Stations@2x.png */; };
		23F319751A991C0F00B62401 /* Destination Icons.png in Resources */ = {isa = PBXBuildFile; fileRef = 23F3196D1A991C0F00B62401 /* Destination Icons.png */; };
		23F319761A991C0F00B62401 /* Destination Icons@2x.png in Resources */ = {isa = PBXBuildFile; fileRef = 23F3196E1A991C0F00B62401 /* Destination Icons@2x.png */; };
		23F319771A991C0F00B62401 /* Icon Stations.png in Resources */ = {isa = PBXBuildFile; fileRef = 23F3196F1A991C0F00B62401 /* Icon Stations.png */; };
		23F3197A1A99222800B62401 /* logo-long.png in Resources */ = {isa = PBXBuildFile; fileRef = 23F319781A99222800B62401 /* logo-long.png */; };
		23F3197B1A99222800B62401 /* logo-long@2x.png in Resources */ = {isa = PBXBuildFile; fileRef = 23F319791A99222800B62401 /* logo-long@2x.png */; };
		23F3197F1A99274200B62401 /* Station Pop Up@2x.png in Resources */ = {isa = PBXBuildFile; fileRef = 23F3197C1A99274200B62401 /* Station Pop Up@2x.png */; };
		23F319801A99274200B62401 /* Station Pop Up.png in Resources */ = {isa = PBXBuildFile; fileRef = 23F3197D1A99274200B62401 /* Station Pop Up.png */; };
		23F319811A99274200B62401 /* Station Pop Up@3x.png in Resources */ = {isa = PBXBuildFile; fileRef = 23F3197E1A99274200B62401 /* Station Pop Up@3x.png */; };
		23F319901A99596B00B62401 /* Racks-Icon@2x.png in Resources */ = {isa = PBXBuildFile; fileRef = 23F3198A1A99596B00B62401 /* Racks-Icon@2x.png */; };
		23F319911A99596B00B62401 /* Racks-Icon.png in Resources */ = {isa = PBXBuildFile; fileRef = 23F3198B1A99596B00B62401 /* Racks-Icon.png */; };
		23F319921A99596B00B62401 /* station icon@2x.png in Resources */ = {isa = PBXBuildFile; fileRef = 23F3198C1A99596B00B62401 /* station icon@2x.png */; };
		23F319931A99596B00B62401 /* station icon.png in Resources */ = {isa = PBXBuildFile; fileRef = 23F3198D1A99596B00B62401 /* station icon.png */; };
		23F319941A99596B00B62401 /* bikeicon@2x.png in Resources */ = {isa = PBXBuildFile; fileRef = 23F3198E1A99596B00B62401 /* bikeicon@2x.png */; };
		23F319951A99596B00B62401 /* bikeicon.png in Resources */ = {isa = PBXBuildFile; fileRef = 23F3198F1A99596B00B62401 /* bikeicon.png */; };
		23F319971A996A0700B62401 /* UIColor+HexColors.m in Sources */ = {isa = PBXBuildFile; fileRef = 23F319961A996A0700B62401 /* UIColor+HexColors.m */; };
		23F3199A1A9979A400B62401 /* applepaylogo.png in Resources */ = {isa = PBXBuildFile; fileRef = 23F319991A9979A400B62401 /* applepaylogo.png */; };
		93999F071A98E88900BBC1F1 /* RackAPI.swift in Sources */ = {isa = PBXBuildFile; fileRef = 93999F061A98E88900BBC1F1 /* RackAPI.swift */; };
		93999F0E1A98EC3500BBC1F1 /* Rack.m in Sources */ = {isa = PBXBuildFile; fileRef = 93999F0D1A98EC3500BBC1F1 /* Rack.m */; };
		93999F101A98F06D00BBC1F1 /* Structs.swift in Sources */ = {isa = PBXBuildFile; fileRef = 93999F0F1A98F06D00BBC1F1 /* Structs.swift */; };
		93999F121A98FF3500BBC1F1 /* RackAPIManager.swift in Sources */ = {isa = PBXBuildFile; fileRef = 93999F111A98FF3500BBC1F1 /* RackAPIManager.swift */; };
		EE8294DBB97A4CBB9F7F36C2 /* libPods.a in Frameworks */ = {isa = PBXBuildFile; fileRef = CC2924723BAC4180B304108E /* libPods.a */; };
		F68051CB1A99087200A0F10A /* Sign In_image.png in Resources */ = {isa = PBXBuildFile; fileRef = F68051CA1A99087200A0F10A /* Sign In_image.png */; };
		F6D306AE1A9922DA0015AA77 /* arrow.png in Resources */ = {isa = PBXBuildFile; fileRef = F6D306AD1A9922DA0015AA77 /* arrow.png */; };
/* End PBXBuildFile section */

/* Begin PBXContainerItemProxy section */
		23F3193B1A98B1CF00B62401 /* PBXContainerItemProxy */ = {
			isa = PBXContainerItemProxy;
			containerPortal = 23F319131A98B1CF00B62401 /* Project object */;
			proxyType = 1;
			remoteGlobalIDString = 23F3191A1A98B1CF00B62401;
			remoteInfo = PhillyBikeShare;
		};
/* End PBXContainerItemProxy section */

/* Begin PBXFileReference section */
		23F3191B1A98B1CF00B62401 /* PhillyBikeShare.app */ = {isa = PBXFileReference; explicitFileType = wrapper.application; includeInIndex = 0; path = PhillyBikeShare.app; sourceTree = BUILT_PRODUCTS_DIR; };
		23F3191F1A98B1CF00B62401 /* Info.plist */ = {isa = PBXFileReference; lastKnownFileType = text.plist.xml; path = Info.plist; sourceTree = "<group>"; };
		23F319201A98B1CF00B62401 /* main.m */ = {isa = PBXFileReference; lastKnownFileType = sourcecode.c.objc; path = main.m; sourceTree = "<group>"; };
		23F319221A98B1CF00B62401 /* AppDelegate.h */ = {isa = PBXFileReference; lastKnownFileType = sourcecode.c.h; path = AppDelegate.h; sourceTree = "<group>"; };
		23F319231A98B1CF00B62401 /* AppDelegate.m */ = {isa = PBXFileReference; lastKnownFileType = sourcecode.c.objc; path = AppDelegate.m; sourceTree = "<group>"; };
		23F319261A98B1CF00B62401 /* PhillyBikeShare.xcdatamodel */ = {isa = PBXFileReference; lastKnownFileType = wrapper.xcdatamodel; path = PhillyBikeShare.xcdatamodel; sourceTree = "<group>"; };
		23F3192F1A98B1CF00B62401 /* Base */ = {isa = PBXFileReference; lastKnownFileType = file.storyboard; name = Base; path = Base.lproj/Main.storyboard; sourceTree = "<group>"; };
		23F319311A98B1CF00B62401 /* Images.xcassets */ = {isa = PBXFileReference; lastKnownFileType = folder.assetcatalog; path = Images.xcassets; sourceTree = "<group>"; };
		23F319341A98B1CF00B62401 /* Base */ = {isa = PBXFileReference; lastKnownFileType = file.xib; name = Base; path = Base.lproj/LaunchScreen.xib; sourceTree = "<group>"; };
		23F3193A1A98B1CF00B62401 /* PhillyBikeShareTests.xctest */ = {isa = PBXFileReference; explicitFileType = wrapper.cfbundle; includeInIndex = 0; path = PhillyBikeShareTests.xctest; sourceTree = BUILT_PRODUCTS_DIR; };
		23F3193F1A98B1CF00B62401 /* Info.plist */ = {isa = PBXFileReference; lastKnownFileType = text.plist.xml; path = Info.plist; sourceTree = "<group>"; };
		23F319401A98B1CF00B62401 /* PhillyBikeShareTests.m */ = {isa = PBXFileReference; lastKnownFileType = sourcecode.c.objc; path = PhillyBikeShareTests.m; sourceTree = "<group>"; };
		23F3194A1A98B30600B62401 /* LoginViewController.h */ = {isa = PBXFileReference; fileEncoding = 4; lastKnownFileType = sourcecode.c.h; path = LoginViewController.h; sourceTree = "<group>"; };
		23F3194B1A98B30600B62401 /* LoginViewController.m */ = {isa = PBXFileReference; fileEncoding = 4; lastKnownFileType = sourcecode.c.objc; path = LoginViewController.m; sourceTree = "<group>"; };
		23F3194D1A98B55800B62401 /* MapViewController.h */ = {isa = PBXFileReference; fileEncoding = 4; lastKnownFileType = sourcecode.c.h; path = MapViewController.h; sourceTree = "<group>"; };
		23F3194E1A98B55800B62401 /* MapViewController.m */ = {isa = PBXFileReference; fileEncoding = 4; lastKnownFileType = sourcecode.c.objc; path = MapViewController.m; sourceTree = "<group>"; };
		23F319501A98D9F900B62401 /* MathController.h */ = {isa = PBXFileReference; fileEncoding = 4; lastKnownFileType = sourcecode.c.h; path = MathController.h; sourceTree = "<group>"; };
		23F319511A98D9F900B62401 /* MathController.m */ = {isa = PBXFileReference; fileEncoding = 4; lastKnownFileType = sourcecode.c.objc; path = MathController.m; sourceTree = "<group>"; };
		23F319551A98FB5600B62401 /* MapMarkerView.h */ = {isa = PBXFileReference; fileEncoding = 4; lastKnownFileType = sourcecode.c.h; path = MapMarkerView.h; sourceTree = "<group>"; };
		23F319561A98FB5600B62401 /* MapMarkerView.m */ = {isa = PBXFileReference; fileEncoding = 4; lastKnownFileType = sourcecode.c.objc; path = MapMarkerView.m; sourceTree = "<group>"; };
		23F319681A991C0F00B62401 /* Icon Bikes.png */ = {isa = PBXFileReference; lastKnownFileType = image.png; path = "Icon Bikes.png"; sourceTree = "<group>"; };
		23F319691A991C0F00B62401 /* Icon Bikes@2x.png */ = {isa = PBXFileReference; lastKnownFileType = image.png; path = "Icon Bikes@2x.png"; sourceTree = "<group>"; };
		23F3196A1A991C0F00B62401 /* Icon Rack@2x.png */ = {isa = PBXFileReference; lastKnownFileType = image.png; path = "Icon Rack@2x.png"; sourceTree = "<group>"; };
		23F3196B1A991C0F00B62401 /* Icon Rack.png */ = {isa = PBXFileReference; lastKnownFileType = image.png; path = "Icon Rack.png"; sourceTree = "<group>"; };
		23F3196C1A991C0F00B62401 /* Icon Stations@2x.png */ = {isa = PBXFileReference; lastKnownFileType = image.png; path = "Icon Stations@2x.png"; sourceTree = "<group>"; };
		23F3196D1A991C0F00B62401 /* Destination Icons.png */ = {isa = PBXFileReference; lastKnownFileType = image.png; path = "Destination Icons.png"; sourceTree = "<group>"; };
		23F3196E1A991C0F00B62401 /* Destination Icons@2x.png */ = {isa = PBXFileReference; lastKnownFileType = image.png; path = "Destination Icons@2x.png"; sourceTree = "<group>"; };
		23F3196F1A991C0F00B62401 /* Icon Stations.png */ = {isa = PBXFileReference; lastKnownFileType = image.png; path = "Icon Stations.png"; sourceTree = "<group>"; };
		23F319781A99222800B62401 /* logo-long.png */ = {isa = PBXFileReference; lastKnownFileType = image.png; path = "logo-long.png"; sourceTree = "<group>"; };
		23F319791A99222800B62401 /* logo-long@2x.png */ = {isa = PBXFileReference; lastKnownFileType = image.png; path = "logo-long@2x.png"; sourceTree = "<group>"; };
		23F3197C1A99274200B62401 /* Station Pop Up@2x.png */ = {isa = PBXFileReference; lastKnownFileType = image.png; path = "Station Pop Up@2x.png"; sourceTree = "<group>"; };
		23F3197D1A99274200B62401 /* Station Pop Up.png */ = {isa = PBXFileReference; lastKnownFileType = image.png; path = "Station Pop Up.png"; sourceTree = "<group>"; };
		23F3197E1A99274200B62401 /* Station Pop Up@3x.png */ = {isa = PBXFileReference; lastKnownFileType = image.png; path = "Station Pop Up@3x.png"; sourceTree = "<group>"; };
		23F3198A1A99596B00B62401 /* Racks-Icon@2x.png */ = {isa = PBXFileReference; lastKnownFileType = image.png; path = "Racks-Icon@2x.png"; sourceTree = "<group>"; };
		23F3198B1A99596B00B62401 /* Racks-Icon.png */ = {isa = PBXFileReference; lastKnownFileType = image.png; path = "Racks-Icon.png"; sourceTree = "<group>"; };
		23F3198C1A99596B00B62401 /* station icon@2x.png */ = {isa = PBXFileReference; lastKnownFileType = image.png; path = "station icon@2x.png"; sourceTree = "<group>"; };
		23F3198D1A99596B00B62401 /* station icon.png */ = {isa = PBXFileReference; lastKnownFileType = image.png; path = "station icon.png"; sourceTree = "<group>"; };
		23F3198E1A99596B00B62401 /* bikeicon@2x.png */ = {isa = PBXFileReference; lastKnownFileType = image.png; path = "bikeicon@2x.png"; sourceTree = "<group>"; };
		23F3198F1A99596B00B62401 /* bikeicon.png */ = {isa = PBXFileReference; lastKnownFileType = image.png; path = bikeicon.png; sourceTree = "<group>"; };
		23F319961A996A0700B62401 /* UIColor+HexColors.m */ = {isa = PBXFileReference; fileEncoding = 4; lastKnownFileType = sourcecode.c.objc; path = "UIColor+HexColors.m"; sourceTree = "<group>"; };
		23F319981A996A1200B62401 /* UIColor+HexColors.h */ = {isa = PBXFileReference; lastKnownFileType = sourcecode.c.h; path = "UIColor+HexColors.h"; sourceTree = "<group>"; };
		23F319991A9979A400B62401 /* applepaylogo.png */ = {isa = PBXFileReference; lastKnownFileType = image.png; path = applepaylogo.png; sourceTree = "<group>"; };
		84FE4991FBD9AF11A104FBE9 /* Pods.release.xcconfig */ = {isa = PBXFileReference; includeInIndex = 1; lastKnownFileType = text.xcconfig; name = Pods.release.xcconfig; path = "Pods/Target Support Files/Pods/Pods.release.xcconfig"; sourceTree = "<group>"; };
		8B9030727C17CD3060B103EA /* Pods.debug.xcconfig */ = {isa = PBXFileReference; includeInIndex = 1; lastKnownFileType = text.xcconfig; name = Pods.debug.xcconfig; path = "Pods/Target Support Files/Pods/Pods.debug.xcconfig"; sourceTree = "<group>"; };
		93999F051A98E88800BBC1F1 /* PhillyBikeShare-Bridging-Header.h */ = {isa = PBXFileReference; lastKnownFileType = sourcecode.c.h; path = "PhillyBikeShare-Bridging-Header.h"; sourceTree = "<group>"; };
		93999F061A98E88900BBC1F1 /* RackAPI.swift */ = {isa = PBXFileReference; fileEncoding = 4; lastKnownFileType = sourcecode.swift; path = RackAPI.swift; sourceTree = "<group>"; };
		93999F0C1A98EC3500BBC1F1 /* Rack.h */ = {isa = PBXFileReference; fileEncoding = 4; lastKnownFileType = sourcecode.c.h; path = Rack.h; sourceTree = "<group>"; };
		93999F0D1A98EC3500BBC1F1 /* Rack.m */ = {isa = PBXFileReference; fileEncoding = 4; lastKnownFileType = sourcecode.c.objc; path = Rack.m; sourceTree = "<group>"; };
		93999F0F1A98F06D00BBC1F1 /* Structs.swift */ = {isa = PBXFileReference; fileEncoding = 4; lastKnownFileType = sourcecode.swift; path = Structs.swift; sourceTree = "<group>"; };
		93999F111A98FF3500BBC1F1 /* RackAPIManager.swift */ = {isa = PBXFileReference; fileEncoding = 4; lastKnownFileType = sourcecode.swift; path = RackAPIManager.swift; sourceTree = "<group>"; };
		CC2924723BAC4180B304108E /* libPods.a */ = {isa = PBXFileReference; explicitFileType = archive.ar; includeInIndex = 0; path = libPods.a; sourceTree = BUILT_PRODUCTS_DIR; };
		F68051CA1A99087200A0F10A /* Sign In_image.png */ = {isa = PBXFileReference; lastKnownFileType = image.png; path = "Sign In_image.png"; sourceTree = "<group>"; };
		F6D306AD1A9922DA0015AA77 /* arrow.png */ = {isa = PBXFileReference; lastKnownFileType = image.png; path = arrow.png; sourceTree = "<group>"; };
/* End PBXFileReference section */

/* Begin PBXFrameworksBuildPhase section */
		23F319181A98B1CF00B62401 /* Frameworks */ = {
			isa = PBXFrameworksBuildPhase;
			buildActionMask = 2147483647;
			files = (
				EE8294DBB97A4CBB9F7F36C2 /* libPods.a in Frameworks */,
			);
			runOnlyForDeploymentPostprocessing = 0;
		};
		23F319371A98B1CF00B62401 /* Frameworks */ = {
			isa = PBXFrameworksBuildPhase;
			buildActionMask = 2147483647;
			files = (
			);
			runOnlyForDeploymentPostprocessing = 0;
		};
/* End PBXFrameworksBuildPhase section */

/* Begin PBXGroup section */
		23F319121A98B1CF00B62401 = {
			isa = PBXGroup;
			children = (
				23F3191D1A98B1CF00B62401 /* PhillyBikeShare */,
				23F3193D1A98B1CF00B62401 /* PhillyBikeShareTests */,
				23F3191C1A98B1CF00B62401 /* Products */,
				5A785EEBB1CE46D69AFE0827 /* Frameworks */,
				DEC71DA659898734FAF2F7AA /* Pods */,
			);
			sourceTree = "<group>";
		};
		23F3191C1A98B1CF00B62401 /* Products */ = {
			isa = PBXGroup;
			children = (
				23F3191B1A98B1CF00B62401 /* PhillyBikeShare.app */,
				23F3193A1A98B1CF00B62401 /* PhillyBikeShareTests.xctest */,
			);
			name = Products;
			sourceTree = "<group>";
		};
		23F3191D1A98B1CF00B62401 /* PhillyBikeShare */ = {
			isa = PBXGroup;
			children = (
				93999F0B1A98EBFC00BBC1F1 /* Models */,
				F68051C71A98EE0400A0F10A /* Images */,
				93999F041A98E87400BBC1F1 /* API Stuff */,
				23F319221A98B1CF00B62401 /* AppDelegate.h */,
				23F319231A98B1CF00B62401 /* AppDelegate.m */,
				23F3194A1A98B30600B62401 /* LoginViewController.h */,
				23F3194B1A98B30600B62401 /* LoginViewController.m */,
				23F319551A98FB5600B62401 /* MapMarkerView.h */,
				23F319561A98FB5600B62401 /* MapMarkerView.m */,
				23F3194D1A98B55800B62401 /* MapViewController.h */,
				23F3194E1A98B55800B62401 /* MapViewController.m */,
				23F319501A98D9F900B62401 /* MathController.h */,
				23F319511A98D9F900B62401 /* MathController.m */,
				23F3192E1A98B1CF00B62401 /* Main.storyboard */,
				23F319311A98B1CF00B62401 /* Images.xcassets */,
				23F319331A98B1CF00B62401 /* LaunchScreen.xib */,
				23F319251A98B1CF00B62401 /* PhillyBikeShare.xcdatamodeld */,
				23F3191E1A98B1CF00B62401 /* Supporting Files */,
				23F319981A996A1200B62401 /* UIColor+HexColors.h */,
				23F319961A996A0700B62401 /* UIColor+HexColors.m */,
			);
			path = PhillyBikeShare;
			sourceTree = "<group>";
		};
		23F3191E1A98B1CF00B62401 /* Supporting Files */ = {
			isa = PBXGroup;
			children = (
				93999F051A98E88800BBC1F1 /* PhillyBikeShare-Bridging-Header.h */,
				23F3191F1A98B1CF00B62401 /* Info.plist */,
				23F319201A98B1CF00B62401 /* main.m */,
			);
			name = "Supporting Files";
			sourceTree = "<group>";
		};
		23F3193D1A98B1CF00B62401 /* PhillyBikeShareTests */ = {
			isa = PBXGroup;
			children = (
				23F319401A98B1CF00B62401 /* PhillyBikeShareTests.m */,
				23F3193E1A98B1CF00B62401 /* Supporting Files */,
			);
			path = PhillyBikeShareTests;
			sourceTree = "<group>";
		};
		23F3193E1A98B1CF00B62401 /* Supporting Files */ = {
			isa = PBXGroup;
			children = (
				23F3193F1A98B1CF00B62401 /* Info.plist */,
			);
			name = "Supporting Files";
			sourceTree = "<group>";
		};
		5A785EEBB1CE46D69AFE0827 /* Frameworks */ = {
			isa = PBXGroup;
			children = (
				CC2924723BAC4180B304108E /* libPods.a */,
			);
			name = Frameworks;
			sourceTree = "<group>";
		};
		93999F041A98E87400BBC1F1 /* API Stuff */ = {
			isa = PBXGroup;
			children = (
				93999F061A98E88900BBC1F1 /* RackAPI.swift */,
				93999F0F1A98F06D00BBC1F1 /* Structs.swift */,
				93999F111A98FF3500BBC1F1 /* RackAPIManager.swift */,
			);
			name = "API Stuff";
			sourceTree = "<group>";
		};
		93999F0B1A98EBFC00BBC1F1 /* Models */ = {
			isa = PBXGroup;
			children = (
				93999F0C1A98EC3500BBC1F1 /* Rack.h */,
				93999F0D1A98EC3500BBC1F1 /* Rack.m */,
			);
			name = Models;
			sourceTree = "<group>";
		};
		DEC71DA659898734FAF2F7AA /* Pods */ = {
			isa = PBXGroup;
			children = (
				8B9030727C17CD3060B103EA /* Pods.debug.xcconfig */,
				84FE4991FBD9AF11A104FBE9 /* Pods.release.xcconfig */,
			);
			name = Pods;
			sourceTree = "<group>";
		};
		F68051C71A98EE0400A0F10A /* Images */ = {
			isa = PBXGroup;
			children = (
				23F319991A9979A400B62401 /* applepaylogo.png */,
				23F3198A1A99596B00B62401 /* Racks-Icon@2x.png */,
				23F3198B1A99596B00B62401 /* Racks-Icon.png */,
				23F3198C1A99596B00B62401 /* station icon@2x.png */,
				23F3198D1A99596B00B62401 /* station icon.png */,
				23F3198E1A99596B00B62401 /* bikeicon@2x.png */,
				23F3198F1A99596B00B62401 /* bikeicon.png */,
				23F3197C1A99274200B62401 /* Station Pop Up@2x.png */,
				23F3197D1A99274200B62401 /* Station Pop Up.png */,
				23F3197E1A99274200B62401 /* Station Pop Up@3x.png */,
				F68051CA1A99087200A0F10A /* Sign In_image.png */,
				F6D306AD1A9922DA0015AA77 /* arrow.png */,
				23F319781A99222800B62401 /* logo-long.png */,
				23F319791A99222800B62401 /* logo-long@2x.png */,
				23F319681A991C0F00B62401 /* Icon Bikes.png */,
				23F319691A991C0F00B62401 /* Icon Bikes@2x.png */,
				23F3196A1A991C0F00B62401 /* Icon Rack@2x.png */,
				23F3196B1A991C0F00B62401 /* Icon Rack.png */,
				23F3196C1A991C0F00B62401 /* Icon Stations@2x.png */,
				23F3196D1A991C0F00B62401 /* Destination Icons.png */,
				23F3196E1A991C0F00B62401 /* Destination Icons@2x.png */,
				23F3196F1A991C0F00B62401 /* Icon Stations.png */,
			);
			name = Images;
			sourceTree = "<group>";
		};
/* End PBXGroup section */

/* Begin PBXNativeTarget section */
		23F3191A1A98B1CF00B62401 /* PhillyBikeShare */ = {
			isa = PBXNativeTarget;
			buildConfigurationList = 23F319441A98B1CF00B62401 /* Build configuration list for PBXNativeTarget "PhillyBikeShare" */;
			buildPhases = (
				B9E20E66B32E4086B34DBD15 /* Check Pods Manifest.lock */,
				23F319171A98B1CF00B62401 /* Sources */,
				23F319181A98B1CF00B62401 /* Frameworks */,
				23F319191A98B1CF00B62401 /* Resources */,
				40087111C51445EBA988FCAE /* Copy Pods Resources */,
			);
			buildRules = (
			);
			dependencies = (
			);
			name = PhillyBikeShare;
			productName = PhillyBikeShare;
			productReference = 23F3191B1A98B1CF00B62401 /* PhillyBikeShare.app */;
			productType = "com.apple.product-type.application";
		};
		23F319391A98B1CF00B62401 /* PhillyBikeShareTests */ = {
			isa = PBXNativeTarget;
			buildConfigurationList = 23F319471A98B1CF00B62401 /* Build configuration list for PBXNativeTarget "PhillyBikeShareTests" */;
			buildPhases = (
				23F319361A98B1CF00B62401 /* Sources */,
				23F319371A98B1CF00B62401 /* Frameworks */,
				23F319381A98B1CF00B62401 /* Resources */,
			);
			buildRules = (
			);
			dependencies = (
				23F3193C1A98B1CF00B62401 /* PBXTargetDependency */,
			);
			name = PhillyBikeShareTests;
			productName = PhillyBikeShareTests;
			productReference = 23F3193A1A98B1CF00B62401 /* PhillyBikeShareTests.xctest */;
			productType = "com.apple.product-type.bundle.unit-test";
		};
/* End PBXNativeTarget section */

/* Begin PBXProject section */
		23F319131A98B1CF00B62401 /* Project object */ = {
			isa = PBXProject;
			attributes = {
				LastUpgradeCheck = 0610;
				ORGANIZATIONNAME = "Team Awesome";
				TargetAttributes = {
					23F3191A1A98B1CF00B62401 = {
						CreatedOnToolsVersion = 6.1.1;
						DevelopmentTeam = 7HP3JD27P4;
						SystemCapabilities = {
							com.apple.BackgroundModes = {
								enabled = 1;
							};
						};
					};
					23F319391A98B1CF00B62401 = {
						CreatedOnToolsVersion = 6.1.1;
						TestTargetID = 23F3191A1A98B1CF00B62401;
					};
				};
			};
			buildConfigurationList = 23F319161A98B1CF00B62401 /* Build configuration list for PBXProject "PhillyBikeShare" */;
			compatibilityVersion = "Xcode 3.2";
			developmentRegion = English;
			hasScannedForEncodings = 0;
			knownRegions = (
				en,
				Base,
			);
			mainGroup = 23F319121A98B1CF00B62401;
			productRefGroup = 23F3191C1A98B1CF00B62401 /* Products */;
			projectDirPath = "";
			projectRoot = "";
			targets = (
				23F3191A1A98B1CF00B62401 /* PhillyBikeShare */,
				23F319391A98B1CF00B62401 /* PhillyBikeShareTests */,
			);
		};
/* End PBXProject section */

/* Begin PBXResourcesBuildPhase section */
		23F319191A98B1CF00B62401 /* Resources */ = {
			isa = PBXResourcesBuildPhase;
			buildActionMask = 2147483647;
			files = (
				23F319301A98B1CF00B62401 /* Main.storyboard in Resources */,
				F68051CB1A99087200A0F10A /* Sign In_image.png in Resources */,
				23F319351A98B1CF00B62401 /* LaunchScreen.xib in Resources */,
				F6D306AE1A9922DA0015AA77 /* arrow.png in Resources */,
				23F319921A99596B00B62401 /* station icon@2x.png in Resources */,
				23F319761A991C0F00B62401 /* Destination Icons@2x.png in Resources */,
				23F319901A99596B00B62401 /* Racks-Icon@2x.png in Resources */,
				23F3197A1A99222800B62401 /* logo-long.png in Resources */,
				23F3197B1A99222800B62401 /* logo-long@2x.png in Resources */,
				23F319301A98B1CF00B62401 /* Main.storyboard in Resources */,
				23F319811A99274200B62401 /* Station Pop Up@3x.png in Resources */,
				23F319731A991C0F00B62401 /* Icon Rack.png in Resources */,
				23F3197F1A99274200B62401 /* Station Pop Up@2x.png in Resources */,
				23F319351A98B1CF00B62401 /* LaunchScreen.xib in Resources */,
				23F3199A1A9979A400B62401 /* applepaylogo.png in Resources */,
				23F319931A99596B00B62401 /* station icon.png in Resources */,
				23F319711A991C0F00B62401 /* Icon Bikes@2x.png in Resources */,
				23F319771A991C0F00B62401 /* Icon Stations.png in Resources */,
				23F319951A99596B00B62401 /* bikeicon.png in Resources */,
				23F319721A991C0F00B62401 /* Icon Rack@2x.png in Resources */,
				23F319941A99596B00B62401 /* bikeicon@2x.png in Resources */,
				23F319801A99274200B62401 /* Station Pop Up.png in Resources */,
				23F319751A991C0F00B62401 /* Destination Icons.png in Resources */,
				23F319741A991C0F00B62401 /* Icon Stations@2x.png in Resources */,
				23F319321A98B1CF00B62401 /* Images.xcassets in Resources */,
				23F319701A991C0F00B62401 /* Icon Bikes.png in Resources */,
				23F319911A99596B00B62401 /* Racks-Icon.png in Resources */,
			);
			runOnlyForDeploymentPostprocessing = 0;
		};
		23F319381A98B1CF00B62401 /* Resources */ = {
			isa = PBXResourcesBuildPhase;
			buildActionMask = 2147483647;
			files = (
			);
			runOnlyForDeploymentPostprocessing = 0;
		};
/* End PBXResourcesBuildPhase section */

/* Begin PBXShellScriptBuildPhase section */
		40087111C51445EBA988FCAE /* Copy Pods Resources */ = {
			isa = PBXShellScriptBuildPhase;
			buildActionMask = 2147483647;
			files = (
			);
			inputPaths = (
			);
			name = "Copy Pods Resources";
			outputPaths = (
			);
			runOnlyForDeploymentPostprocessing = 0;
			shellPath = /bin/sh;
			shellScript = "\"${SRCROOT}/Pods/Target Support Files/Pods/Pods-resources.sh\"\n";
			showEnvVarsInLog = 0;
		};
		B9E20E66B32E4086B34DBD15 /* Check Pods Manifest.lock */ = {
			isa = PBXShellScriptBuildPhase;
			buildActionMask = 2147483647;
			files = (
			);
			inputPaths = (
			);
			name = "Check Pods Manifest.lock";
			outputPaths = (
			);
			runOnlyForDeploymentPostprocessing = 0;
			shellPath = /bin/sh;
			shellScript = "diff \"${PODS_ROOT}/../Podfile.lock\" \"${PODS_ROOT}/Manifest.lock\" > /dev/null\nif [[ $? != 0 ]] ; then\n    cat << EOM\nerror: The sandbox is not in sync with the Podfile.lock. Run 'pod install' or update your CocoaPods installation.\nEOM\n    exit 1\nfi\n";
			showEnvVarsInLog = 0;
		};
/* End PBXShellScriptBuildPhase section */

/* Begin PBXSourcesBuildPhase section */
		23F319171A98B1CF00B62401 /* Sources */ = {
			isa = PBXSourcesBuildPhase;
			buildActionMask = 2147483647;
			files = (
				93999F101A98F06D00BBC1F1 /* Structs.swift in Sources */,
				23F319971A996A0700B62401 /* UIColor+HexColors.m in Sources */,
				23F3194C1A98B30600B62401 /* LoginViewController.m in Sources */,
				23F319241A98B1CF00B62401 /* AppDelegate.m in Sources */,
				93999F0E1A98EC3500BBC1F1 /* Rack.m in Sources */,
				23F3194F1A98B55800B62401 /* MapViewController.m in Sources */,
				93999F121A98FF3500BBC1F1 /* RackAPIManager.swift in Sources */,
				93999F071A98E88900BBC1F1 /* RackAPI.swift in Sources */,
				23F319271A98B1CF00B62401 /* PhillyBikeShare.xcdatamodeld in Sources */,
				23F319571A98FB5600B62401 /* MapMarkerView.m in Sources */,
				23F319211A98B1CF00B62401 /* main.m in Sources */,
				23F319521A98D9F900B62401 /* MathController.m in Sources */,
			);
			runOnlyForDeploymentPostprocessing = 0;
		};
		23F319361A98B1CF00B62401 /* Sources */ = {
			isa = PBXSourcesBuildPhase;
			buildActionMask = 2147483647;
			files = (
				23F319411A98B1CF00B62401 /* PhillyBikeShareTests.m in Sources */,
			);
			runOnlyForDeploymentPostprocessing = 0;
		};
/* End PBXSourcesBuildPhase section */

/* Begin PBXTargetDependency section */
		23F3193C1A98B1CF00B62401 /* PBXTargetDependency */ = {
			isa = PBXTargetDependency;
			target = 23F3191A1A98B1CF00B62401 /* PhillyBikeShare */;
			targetProxy = 23F3193B1A98B1CF00B62401 /* PBXContainerItemProxy */;
		};
/* End PBXTargetDependency section */

/* Begin PBXVariantGroup section */
		23F3192E1A98B1CF00B62401 /* Main.storyboard */ = {
			isa = PBXVariantGroup;
			children = (
				23F3192F1A98B1CF00B62401 /* Base */,
			);
			name = Main.storyboard;
			sourceTree = "<group>";
		};
		23F319331A98B1CF00B62401 /* LaunchScreen.xib */ = {
			isa = PBXVariantGroup;
			children = (
				23F319341A98B1CF00B62401 /* Base */,
			);
			name = LaunchScreen.xib;
			sourceTree = "<group>";
		};
/* End PBXVariantGroup section */

/* Begin XCBuildConfiguration section */
		23F319421A98B1CF00B62401 /* Debug */ = {
			isa = XCBuildConfiguration;
			buildSettings = {
				ALWAYS_SEARCH_USER_PATHS = NO;
				CLANG_CXX_LANGUAGE_STANDARD = "gnu++0x";
				CLANG_CXX_LIBRARY = "libc++";
				CLANG_ENABLE_MODULES = YES;
				CLANG_ENABLE_OBJC_ARC = YES;
				CLANG_WARN_BOOL_CONVERSION = YES;
				CLANG_WARN_CONSTANT_CONVERSION = YES;
				CLANG_WARN_DIRECT_OBJC_ISA_USAGE = YES_ERROR;
				CLANG_WARN_EMPTY_BODY = YES;
				CLANG_WARN_ENUM_CONVERSION = YES;
				CLANG_WARN_INT_CONVERSION = YES;
				CLANG_WARN_OBJC_ROOT_CLASS = YES_ERROR;
				CLANG_WARN_UNREACHABLE_CODE = YES;
				CLANG_WARN__DUPLICATE_METHOD_MATCH = YES;
				"CODE_SIGN_IDENTITY[sdk=iphoneos*]" = "iPhone Developer";
				COPY_PHASE_STRIP = NO;
				ENABLE_STRICT_OBJC_MSGSEND = YES;
				GCC_C_LANGUAGE_STANDARD = gnu99;
				GCC_DYNAMIC_NO_PIC = NO;
				GCC_OPTIMIZATION_LEVEL = 0;
				GCC_PREPROCESSOR_DEFINITIONS = (
					"DEBUG=1",
					"$(inherited)",
				);
				GCC_SYMBOLS_PRIVATE_EXTERN = NO;
				GCC_WARN_64_TO_32_BIT_CONVERSION = YES;
				GCC_WARN_ABOUT_RETURN_TYPE = YES_ERROR;
				GCC_WARN_UNDECLARED_SELECTOR = YES;
				GCC_WARN_UNINITIALIZED_AUTOS = YES_AGGRESSIVE;
				GCC_WARN_UNUSED_FUNCTION = YES;
				GCC_WARN_UNUSED_VARIABLE = YES;
				IPHONEOS_DEPLOYMENT_TARGET = 8.1;
				MTL_ENABLE_DEBUG_INFO = YES;
				ONLY_ACTIVE_ARCH = YES;
				SDKROOT = iphoneos;
			};
			name = Debug;
		};
		23F319431A98B1CF00B62401 /* Release */ = {
			isa = XCBuildConfiguration;
			buildSettings = {
				ALWAYS_SEARCH_USER_PATHS = NO;
				CLANG_CXX_LANGUAGE_STANDARD = "gnu++0x";
				CLANG_CXX_LIBRARY = "libc++";
				CLANG_ENABLE_MODULES = YES;
				CLANG_ENABLE_OBJC_ARC = YES;
				CLANG_WARN_BOOL_CONVERSION = YES;
				CLANG_WARN_CONSTANT_CONVERSION = YES;
				CLANG_WARN_DIRECT_OBJC_ISA_USAGE = YES_ERROR;
				CLANG_WARN_EMPTY_BODY = YES;
				CLANG_WARN_ENUM_CONVERSION = YES;
				CLANG_WARN_INT_CONVERSION = YES;
				CLANG_WARN_OBJC_ROOT_CLASS = YES_ERROR;
				CLANG_WARN_UNREACHABLE_CODE = YES;
				CLANG_WARN__DUPLICATE_METHOD_MATCH = YES;
				"CODE_SIGN_IDENTITY[sdk=iphoneos*]" = "iPhone Developer";
				COPY_PHASE_STRIP = YES;
				ENABLE_NS_ASSERTIONS = NO;
				ENABLE_STRICT_OBJC_MSGSEND = YES;
				GCC_C_LANGUAGE_STANDARD = gnu99;
				GCC_WARN_64_TO_32_BIT_CONVERSION = YES;
				GCC_WARN_ABOUT_RETURN_TYPE = YES_ERROR;
				GCC_WARN_UNDECLARED_SELECTOR = YES;
				GCC_WARN_UNINITIALIZED_AUTOS = YES_AGGRESSIVE;
				GCC_WARN_UNUSED_FUNCTION = YES;
				GCC_WARN_UNUSED_VARIABLE = YES;
				IPHONEOS_DEPLOYMENT_TARGET = 8.1;
				MTL_ENABLE_DEBUG_INFO = NO;
				SDKROOT = iphoneos;
				VALIDATE_PRODUCT = YES;
			};
			name = Release;
		};
		23F319451A98B1CF00B62401 /* Debug */ = {
			isa = XCBuildConfiguration;
			baseConfigurationReference = 8B9030727C17CD3060B103EA /* Pods.debug.xcconfig */;
			buildSettings = {
				ASSETCATALOG_COMPILER_APPICON_NAME = AppIcon;
				CLANG_ENABLE_MODULES = YES;
				CODE_SIGN_IDENTITY = "iPhone Developer";
				"CODE_SIGN_IDENTITY[sdk=iphoneos*]" = "iPhone Developer";
				INFOPLIST_FILE = PhillyBikeShare/Info.plist;
				IPHONEOS_DEPLOYMENT_TARGET = 8.0;
				LD_RUNPATH_SEARCH_PATHS = "$(inherited) @executable_path/Frameworks";
				PRODUCT_NAME = "$(TARGET_NAME)";
				PROVISIONING_PROFILE = "";
				SWIFT_OBJC_BRIDGING_HEADER = "PhillyBikeShare/PhillyBikeShare-Bridging-Header.h";
				SWIFT_OPTIMIZATION_LEVEL = "-Onone";
			};
			name = Debug;
		};
		23F319461A98B1CF00B62401 /* Release */ = {
			isa = XCBuildConfiguration;
			baseConfigurationReference = 84FE4991FBD9AF11A104FBE9 /* Pods.release.xcconfig */;
			buildSettings = {
				ASSETCATALOG_COMPILER_APPICON_NAME = AppIcon;
				CLANG_ENABLE_MODULES = YES;
				CODE_SIGN_IDENTITY = "iPhone Developer";
				"CODE_SIGN_IDENTITY[sdk=iphoneos*]" = "iPhone Developer";
				INFOPLIST_FILE = PhillyBikeShare/Info.plist;
				IPHONEOS_DEPLOYMENT_TARGET = 8.0;
				LD_RUNPATH_SEARCH_PATHS = "$(inherited) @executable_path/Frameworks";
				PRODUCT_NAME = "$(TARGET_NAME)";
				PROVISIONING_PROFILE = "";
				SWIFT_OBJC_BRIDGING_HEADER = "PhillyBikeShare/PhillyBikeShare-Bridging-Header.h";
			};
			name = Release;
		};
		23F319481A98B1CF00B62401 /* Debug */ = {
			isa = XCBuildConfiguration;
			buildSettings = {
				BUNDLE_LOADER = "$(TEST_HOST)";
				FRAMEWORK_SEARCH_PATHS = (
					"$(SDKROOT)/Developer/Library/Frameworks",
					"$(inherited)",
				);
				GCC_PREPROCESSOR_DEFINITIONS = (
					"DEBUG=1",
					"$(inherited)",
				);
				INFOPLIST_FILE = PhillyBikeShareTests/Info.plist;
				LD_RUNPATH_SEARCH_PATHS = "$(inherited) @executable_path/Frameworks @loader_path/Frameworks";
				PRODUCT_NAME = "$(TARGET_NAME)";
				TEST_HOST = "$(BUILT_PRODUCTS_DIR)/PhillyBikeShare.app/PhillyBikeShare";
			};
			name = Debug;
		};
		23F319491A98B1CF00B62401 /* Release */ = {
			isa = XCBuildConfiguration;
			buildSettings = {
				BUNDLE_LOADER = "$(TEST_HOST)";
				FRAMEWORK_SEARCH_PATHS = (
					"$(SDKROOT)/Developer/Library/Frameworks",
					"$(inherited)",
				);
				INFOPLIST_FILE = PhillyBikeShareTests/Info.plist;
				LD_RUNPATH_SEARCH_PATHS = "$(inherited) @executable_path/Frameworks @loader_path/Frameworks";
				PRODUCT_NAME = "$(TARGET_NAME)";
				TEST_HOST = "$(BUILT_PRODUCTS_DIR)/PhillyBikeShare.app/PhillyBikeShare";
			};
			name = Release;
		};
/* End XCBuildConfiguration section */

/* Begin XCConfigurationList section */
		23F319161A98B1CF00B62401 /* Build configuration list for PBXProject "PhillyBikeShare" */ = {
			isa = XCConfigurationList;
			buildConfigurations = (
				23F319421A98B1CF00B62401 /* Debug */,
				23F319431A98B1CF00B62401 /* Release */,
			);
			defaultConfigurationIsVisible = 0;
			defaultConfigurationName = Release;
		};
		23F319441A98B1CF00B62401 /* Build configuration list for PBXNativeTarget "PhillyBikeShare" */ = {
			isa = XCConfigurationList;
			buildConfigurations = (
				23F319451A98B1CF00B62401 /* Debug */,
				23F319461A98B1CF00B62401 /* Release */,
			);
			defaultConfigurationIsVisible = 0;
			defaultConfigurationName = Release;
		};
		23F319471A98B1CF00B62401 /* Build configuration list for PBXNativeTarget "PhillyBikeShareTests" */ = {
			isa = XCConfigurationList;
			buildConfigurations = (
				23F319481A98B1CF00B62401 /* Debug */,
				23F319491A98B1CF00B62401 /* Release */,
			);
			defaultConfigurationIsVisible = 0;
			defaultConfigurationName = Release;
		};
/* End XCConfigurationList section */

/* Begin XCVersionGroup section */
		23F319251A98B1CF00B62401 /* PhillyBikeShare.xcdatamodeld */ = {
			isa = XCVersionGroup;
			children = (
				23F319261A98B1CF00B62401 /* PhillyBikeShare.xcdatamodel */,
			);
			currentVersion = 23F319261A98B1CF00B62401 /* PhillyBikeShare.xcdatamodel */;
			path = PhillyBikeShare.xcdatamodeld;
			sourceTree = "<group>";
			versionGroupType = wrapper.xcdatamodel;
		};
/* End XCVersionGroup section */
	};
	rootObject = 23F319131A98B1CF00B62401 /* Project object */;
}
